
Microsoft Visual Studio Solution File, Format Version 11.00
# Visual Studio 2010
Project("{FAE04EC0-301F-11D3-BF4B-00C04F79EFBC}") = "NuGetContentPackager", "NuGetContentPackager\NuGetContentPackager.csproj", "{6C1A5E4F-B787-4442-863F-63E0485115F1}"
EndProject
Project("{FAE04EC0-301F-11D3-BF4B-00C04F79EFBC}") = "Packager.Services", "Packager.Services\Packager.Services.csproj", "{00F303BF-2180-4F44-9EAC-EA3CFB8F593A}"
EndProject
Project("{FAE04EC0-301F-11D3-BF4B-00C04F79EFBC}") = "NuGetContentPackager.Console", "NuGetContentPackager.Console\NuGetContentPackager.Console.csproj", "{ECE27DE4-443D-4754-8CA9-C8D6C0ADEF7E}"
EndProject
Global
	GlobalSection(TeamFoundationVersionControl) = preSolution
		SccNumberOfProjects = 4
		SccEnterpriseProvider = {4CA58AB2-18FA-4F8D-95D4-32DDF27D184C}
		SccTeamFoundationServer = https://tfs.codeplex.com/tfs/tfs08
		SccLocalPath0 = .
		SccProjectUniqueName1 = NuGetContentPackager\\NuGetContentPackager.csproj
		SccProjectName1 = NuGetContentPackager
		SccLocalPath1 = NuGetContentPackager
		SccProjectUniqueName2 = Packager.Services\\Packager.Services.csproj
		SccProjectName2 = Packager.Services
		SccLocalPath2 = Packager.Services
		SccProjectUniqueName3 = NuGetContentPackager.Console\\NuGetContentPackager.Console.csproj
		SccProjectName3 = NuGetContentPackager.Console
		SccLocalPath3 = NuGetContentPackager.Console
	EndGlobalSection
	GlobalSection(SolutionConfigurationPlatforms) = preSolution
		Debug|Any CPU = Debug|Any CPU
		Debug|Mixed Platforms = Debug|Mixed Platforms
		Debug|x86 = Debug|x86
		Release|Any CPU = Release|Any CPU
		Release|Mixed Platforms = Release|Mixed Platforms
		Release|x86 = Release|x86
	EndGlobalSection
	GlobalSection(ProjectConfigurationPlatforms) = postSolution
		{6C1A5E4F-B787-4442-863F-63E0485115F1}.Debug|Any CPU.ActiveCfg = Debug|x86
		{6C1A5E4F-B787-4442-863F-63E0485115F1}.Debug|Mixed Platforms.ActiveCfg = Debug|x86
		{6C1A5E4F-B787-4442-863F-63E0485115F1}.Debug|Mixed Platforms.Build.0 = Debug|x86
		{6C1A5E4F-B787-4442-863F-63E0485115F1}.Debug|x86.ActiveCfg = Debug|x86
		{6C1A5E4F-B787-4442-863F-63E0485115F1}.Debug|x86.Build.0 = Debug|x86
		{6C1A5E4F-B787-4442-863F-63E0485115F1}.Release|Any CPU.ActiveCfg = Release|x86
		{6C1A5E4F-B787-4442-863F-63E0485115F1}.Release|Mixed Platforms.ActiveCfg = Release|x86
		{6C1A5E4F-B787-4442-863F-63E0485115F1}.Release|Mixed Platforms.Build.0 = Release|x86
		{6C1A5E4F-B787-4442-863F-63E0485115F1}.Release|x86.ActiveCfg = Release|x86
		{6C1A5E4F-B787-4442-863F-63E0485115F1}.Release|x86.Build.0 = Release|x86
		{00F303BF-2180-4F44-9EAC-EA3CFB8F593A}.Debug|Any CPU.ActiveCfg = Debug|Any CPU
		{00F303BF-2180-4F44-9EAC-EA3CFB8F593A}.Debug|Any CPU.Build.0 = Debug|Any CPU
		{00F303BF-2180-4F44-9EAC-EA3CFB8F593A}.Debug|Mixed Platforms.ActiveCfg = Debug|Any CPU
		{00F303BF-2180-4F44-9EAC-EA3CFB8F593A}.Debug|Mixed Platforms.Build.0 = Debug|Any CPU
		{00F303BF-2180-4F44-9EAC-EA3CFB8F593A}.Debug|x86.ActiveCfg = Debug|Any CPU
		{00F303BF-2180-4F44-9EAC-EA3CFB8F593A}.Release|Any CPU.ActiveCfg = Release|Any CPU
		{00F303BF-2180-4F44-9EAC-EA3CFB8F593A}.Release|Any CPU.Build.0 = Release|Any CPU
		{00F303BF-2180-4F44-9EAC-EA3CFB8F593A}.Release|Mixed Platforms.ActiveCfg = Release|Any CPU
		{00F303BF-2180-4F44-9EAC-EA3CFB8F593A}.Release|Mixed Platforms.Build.0 = Release|Any CPU
		{00F303BF-2180-4F44-9EAC-EA3CFB8F593A}.Release|x86.ActiveCfg = Release|Any CPU
		{ECE27DE4-443D-4754-8CA9-C8D6C0ADEF7E}.Debug|Any CPU.ActiveCfg = Debug|x86
		{ECE27DE4-443D-4754-8CA9-C8D6C0ADEF7E}.Debug|Mixed Platforms.ActiveCfg = Debug|x86
		{ECE27DE4-443D-4754-8CA9-C8D6C0ADEF7E}.Debug|Mixed Platforms.Build.0 = Debug|x86
		{ECE27DE4-443D-4754-8CA9-C8D6C0ADEF7E}.Debug|x86.ActiveCfg = Debug|x86
		{ECE27DE4-443D-4754-8CA9-C8D6C0ADEF7E}.Debug|x86.Build.0 = Debug|x86
		{ECE27DE4-443D-4754-8CA9-C8D6C0ADEF7E}.Release|Any CPU.ActiveCfg = Release|x86
		{ECE27DE4-443D-4754-8CA9-C8D6C0ADEF7E}.Release|Mixed Platforms.ActiveCfg = Release|x86
		{ECE27DE4-443D-4754-8CA9-C8D6C0ADEF7E}.Release|Mixed Platforms.Build.0 = Release|x86
		{ECE27DE4-443D-4754-8CA9-C8D6C0ADEF7E}.Release|x86.ActiveCfg = Release|x86
		{ECE27DE4-443D-4754-8CA9-C8D6C0ADEF7E}.Release|x86.Build.0 = Release|x86
	EndGlobalSection
	GlobalSection(SolutionProperties) = preSolution
		HideSolutionNode = FALSE
	EndGlobalSection
EndGlobal
